// !$*UTF8*$!
{
	archiveVersion = 1;
	classes = {
	};
	objectVersion = 46;
	objects = {

/* Begin PBXBuildFile section */
		8F7B90F61E64230E001CD3D8 /* AppDelegate.swift in Sources */ = {isa = PBXBuildFile; fileRef = 8F7B90F51E64230E001CD3D8 /* AppDelegate.swift */; };
		8F7B90F81E64230E001CD3D8 /* ViewController.swift in Sources */ = {isa = PBXBuildFile; fileRef = 8F7B90F71E64230E001CD3D8 /* ViewController.swift */; };
		8F7B90FD1E64230E001CD3D8 /* Assets.xcassets in Resources */ = {isa = PBXBuildFile; fileRef = 8F7B90FC1E64230E001CD3D8 /* Assets.xcassets */; };
		8F7B91001E64230E001CD3D8 /* LaunchScreen.storyboard in Resources */ = {isa = PBXBuildFile; fileRef = 8F7B90FE1E64230E001CD3D8 /* LaunchScreen.storyboard */; };
		8F7B910B1E64230F001CD3D8 /* DragCellTests.swift in Sources */ = {isa = PBXBuildFile; fileRef = 8F7B910A1E64230F001CD3D8 /* DragCellTests.swift */; };
		8F7B91161E64230F001CD3D8 /* DragCellUITests.swift in Sources */ = {isa = PBXBuildFile; fileRef = 8F7B91151E64230F001CD3D8 /* DragCellUITests.swift */; };
		8F7B91251E64236E001CD3D8 /* WHDragTool.swift in Sources */ = {isa = PBXBuildFile; fileRef = 8F7B91241E64236E001CD3D8 /* WHDragTool.swift */; };
		8F7B91281E6427FB001CD3D8 /* WHDragView.swift in Sources */ = {isa = PBXBuildFile; fileRef = 8F7B91271E6427FB001CD3D8 /* WHDragView.swift */; };
		8F7B912A1E642F31001CD3D8 /* Main.storyboard in Resources */ = {isa = PBXBuildFile; fileRef = 8F7B91291E642F31001CD3D8 /* Main.storyboard */; };
		8F7B912C1E643030001CD3D8 /* WHUtil.swift in Sources */ = {isa = PBXBuildFile; fileRef = 8F7B912B1E643030001CD3D8 /* WHUtil.swift */; };
		8FC390FB1E65501900CBE3C3 /* WHDragCell.swift in Sources */ = {isa = PBXBuildFile; fileRef = 8FC390F91E65501900CBE3C3 /* WHDragCell.swift */; };
		8FC390FC1E65501900CBE3C3 /* WHDragCell.xib in Resources */ = {isa = PBXBuildFile; fileRef = 8FC390FA1E65501900CBE3C3 /* WHDragCell.xib */; };
/* End PBXBuildFile section */

/* Begin PBXContainerItemProxy section */
		8F7B91071E64230F001CD3D8 /* PBXContainerItemProxy */ = {
			isa = PBXContainerItemProxy;
			containerPortal = 8F7B90EA1E64230E001CD3D8 /* Project object */;
			proxyType = 1;
			remoteGlobalIDString = 8F7B90F11E64230E001CD3D8;
			remoteInfo = DragCell;
		};
		8F7B91121E64230F001CD3D8 /* PBXContainerItemProxy */ = {
			isa = PBXContainerItemProxy;
			containerPortal = 8F7B90EA1E64230E001CD3D8 /* Project object */;
			proxyType = 1;
			remoteGlobalIDString = 8F7B90F11E64230E001CD3D8;
			remoteInfo = DragCell;
		};
/* End PBXContainerItemProxy section */

/* Begin PBXFileReference section */
		8F7B90F21E64230E001CD3D8 /* DragCell.app */ = {isa = PBXFileReference; explicitFileType = wrapper.application; includeInIndex = 0; path = DragCell.app; sourceTree = BUILT_PRODUCTS_DIR; };
		8F7B90F51E64230E001CD3D8 /* AppDelegate.swift */ = {isa = PBXFileReference; lastKnownFileType = sourcecode.swift; path = AppDelegate.swift; sourceTree = "<group>"; };
		8F7B90F71E64230E001CD3D8 /* ViewController.swift */ = {isa = PBXFileReference; lastKnownFileType = sourcecode.swift; path = ViewController.swift; sourceTree = "<group>"; };
		8F7B90FC1E64230E001CD3D8 /* Assets.xcassets */ = {isa = PBXFileReference; lastKnownFileType = folder.assetcatalog; path = Assets.xcassets; sourceTree = "<group>"; };
		8F7B90FF1E64230E001CD3D8 /* Base */ = {isa = PBXFileReference; lastKnownFileType = file.storyboard; name = Base; path = Base.lproj/LaunchScreen.storyboard; sourceTree = "<group>"; };
		8F7B91011E64230E001CD3D8 /* Info.plist */ = {isa = PBXFileReference; lastKnownFileType = text.plist.xml; path = Info.plist; sourceTree = "<group>"; };
		8F7B91061E64230F001CD3D8 /* DragCellTests.xctest */ = {isa = PBXFileReference; explicitFileType = wrapper.cfbundle; includeInIndex = 0; path = DragCellTests.xctest; sourceTree = BUILT_PRODUCTS_DIR; };
		8F7B910A1E64230F001CD3D8 /* DragCellTests.swift */ = {isa = PBXFileReference; lastKnownFileType = sourcecode.swift; path = DragCellTests.swift; sourceTree = "<group>"; };
		8F7B910C1E64230F001CD3D8 /* Info.plist */ = {isa = PBXFileReference; lastKnownFileType = text.plist.xml; path = Info.plist; sourceTree = "<group>"; };
		8F7B91111E64230F001CD3D8 /* DragCellUITests.xctest */ = {isa = PBXFileReference; explicitFileType = wrapper.cfbundle; includeInIndex = 0; path = DragCellUITests.xctest; sourceTree = BUILT_PRODUCTS_DIR; };
		8F7B91151E64230F001CD3D8 /* DragCellUITests.swift */ = {isa = PBXFileReference; lastKnownFileType = sourcecode.swift; path = DragCellUITests.swift; sourceTree = "<group>"; };
		8F7B91171E64230F001CD3D8 /* Info.plist */ = {isa = PBXFileReference; lastKnownFileType = text.plist.xml; path = Info.plist; sourceTree = "<group>"; };
		8F7B91241E64236E001CD3D8 /* WHDragTool.swift */ = {isa = PBXFileReference; fileEncoding = 4; lastKnownFileType = sourcecode.swift; path = WHDragTool.swift; sourceTree = "<group>"; };
		8F7B91271E6427FB001CD3D8 /* WHDragView.swift */ = {isa = PBXFileReference; fileEncoding = 4; lastKnownFileType = sourcecode.swift; path = WHDragView.swift; sourceTree = "<group>"; };
		8F7B91291E642F31001CD3D8 /* Main.storyboard */ = {isa = PBXFileReference; fileEncoding = 4; lastKnownFileType = file.storyboard; path = Main.storyboard; sourceTree = "<group>"; };
		8F7B912B1E643030001CD3D8 /* WHUtil.swift */ = {isa = PBXFileReference; fileEncoding = 4; lastKnownFileType = sourcecode.swift; path = WHUtil.swift; sourceTree = "<group>"; };
		8FC390F91E65501900CBE3C3 /* WHDragCell.swift */ = {isa = PBXFileReference; fileEncoding = 4; lastKnownFileType = sourcecode.swift; path = WHDragCell.swift; sourceTree = "<group>"; };
		8FC390FA1E65501900CBE3C3 /* WHDragCell.xib */ = {isa = PBXFileReference; fileEncoding = 4; lastKnownFileType = file.xib; path = WHDragCell.xib; sourceTree = "<group>"; };
/* End PBXFileReference section */

/* Begin PBXFrameworksBuildPhase section */
		8F7B90EF1E64230E001CD3D8 /* Frameworks */ = {
			isa = PBXFrameworksBuildPhase;
			buildActionMask = 2147483647;
			files = (
			);
			runOnlyForDeploymentPostprocessing = 0;
		};
		8F7B91031E64230F001CD3D8 /* Frameworks */ = {
			isa = PBXFrameworksBuildPhase;
			buildActionMask = 2147483647;
			files = (
			);
			runOnlyForDeploymentPostprocessing = 0;
		};
		8F7B910E1E64230F001CD3D8 /* Frameworks */ = {
			isa = PBXFrameworksBuildPhase;
			buildActionMask = 2147483647;
			files = (
			);
			runOnlyForDeploymentPostprocessing = 0;
		};
/* End PBXFrameworksBuildPhase section */

/* Begin PBXGroup section */
		8F7B90E91E64230E001CD3D8 = {
			isa = PBXGroup;
			children = (
				8F7B90F41E64230E001CD3D8 /* DragCell */,
				8F7B91091E64230F001CD3D8 /* DragCellTests */,
				8F7B91141E64230F001CD3D8 /* DragCellUITests */,
				8F7B90F31E64230E001CD3D8 /* Products */,
			);
			sourceTree = "<group>";
		};
		8F7B90F31E64230E001CD3D8 /* Products */ = {
			isa = PBXGroup;
			children = (
				8F7B90F21E64230E001CD3D8 /* DragCell.app */,
				8F7B91061E64230F001CD3D8 /* DragCellTests.xctest */,
				8F7B91111E64230F001CD3D8 /* DragCellUITests.xctest */,
			);
			name = Products;
			sourceTree = "<group>";
		};
		8F7B90F41E64230E001CD3D8 /* DragCell */ = {
			isa = PBXGroup;
			children = (
				8F7B91261E642730001CD3D8 /* WHDragView */,
				8F7B90F51E64230E001CD3D8 /* AppDelegate.swift */,
				8F7B90F71E64230E001CD3D8 /* ViewController.swift */,
				8F7B91291E642F31001CD3D8 /* Main.storyboard */,
				8F7B90FC1E64230E001CD3D8 /* Assets.xcassets */,
				8F7B90FE1E64230E001CD3D8 /* LaunchScreen.storyboard */,
				8F7B91011E64230E001CD3D8 /* Info.plist */,
			);
			path = DragCell;
			sourceTree = "<group>";
		};
		8F7B91091E64230F001CD3D8 /* DragCellTests */ = {
			isa = PBXGroup;
			children = (
				8F7B910A1E64230F001CD3D8 /* DragCellTests.swift */,
				8F7B910C1E64230F001CD3D8 /* Info.plist */,
			);
			path = DragCellTests;
			sourceTree = "<group>";
		};
		8F7B91141E64230F001CD3D8 /* DragCellUITests */ = {
			isa = PBXGroup;
			children = (
				8F7B91151E64230F001CD3D8 /* DragCellUITests.swift */,
				8F7B91171E64230F001CD3D8 /* Info.plist */,
			);
			path = DragCellUITests;
			sourceTree = "<group>";
		};
		8F7B91231E642342001CD3D8 /* Tool */ = {
			isa = PBXGroup;
			children = (
				8F7B91241E64236E001CD3D8 /* WHDragTool.swift */,
			);
			name = Tool;
			sourceTree = "<group>";
		};
		8F7B91261E642730001CD3D8 /* WHDragView */ = {
			isa = PBXGroup;
			children = (
				8F7B91231E642342001CD3D8 /* Tool */,
				8F7B91271E6427FB001CD3D8 /* WHDragView.swift */,
				8F7B912B1E643030001CD3D8 /* WHUtil.swift */,
				8FC390F91E65501900CBE3C3 /* WHDragCell.swift */,
				8FC390FA1E65501900CBE3C3 /* WHDragCell.xib */,
			);
			name = WHDragView;
			sourceTree = "<group>";
		};
/* End PBXGroup section */

/* Begin PBXNativeTarget section */
		8F7B90F11E64230E001CD3D8 /* DragCell */ = {
			isa = PBXNativeTarget;
			buildConfigurationList = 8F7B911A1E64230F001CD3D8 /* Build configuration list for PBXNativeTarget "DragCell" */;
			buildPhases = (
				8F7B90EE1E64230E001CD3D8 /* Sources */,
				8F7B90EF1E64230E001CD3D8 /* Frameworks */,
				8F7B90F01E64230E001CD3D8 /* Resources */,
			);
			buildRules = (
			);
			dependencies = (
			);
			name = DragCell;
			productName = DragCell;
			productReference = 8F7B90F21E64230E001CD3D8 /* DragCell.app */;
			productType = "com.apple.product-type.application";
		};
		8F7B91051E64230F001CD3D8 /* DragCellTests */ = {
			isa = PBXNativeTarget;
			buildConfigurationList = 8F7B911D1E64230F001CD3D8 /* Build configuration list for PBXNativeTarget "DragCellTests" */;
			buildPhases = (
				8F7B91021E64230F001CD3D8 /* Sources */,
				8F7B91031E64230F001CD3D8 /* Frameworks */,
				8F7B91041E64230F001CD3D8 /* Resources */,
			);
			buildRules = (
			);
			dependencies = (
				8F7B91081E64230F001CD3D8 /* PBXTargetDependency */,
			);
			name = DragCellTests;
			productName = DragCellTests;
			productReference = 8F7B91061E64230F001CD3D8 /* DragCellTests.xctest */;
			productType = "com.apple.product-type.bundle.unit-test";
		};
		8F7B91101E64230F001CD3D8 /* DragCellUITests */ = {
			isa = PBXNativeTarget;
			buildConfigurationList = 8F7B91201E64230F001CD3D8 /* Build configuration list for PBXNativeTarget "DragCellUITests" */;
			buildPhases = (
				8F7B910D1E64230F001CD3D8 /* Sources */,
				8F7B910E1E64230F001CD3D8 /* Frameworks */,
				8F7B910F1E64230F001CD3D8 /* Resources */,
			);
			buildRules = (
			);
			dependencies = (
				8F7B91131E64230F001CD3D8 /* PBXTargetDependency */,
			);
			name = DragCellUITests;
			productName = DragCellUITests;
			productReference = 8F7B91111E64230F001CD3D8 /* DragCellUITests.xctest */;
			productType = "com.apple.product-type.bundle.ui-testing";
		};
/* End PBXNativeTarget section */

/* Begin PBXProject section */
		8F7B90EA1E64230E001CD3D8 /* Project object */ = {
			isa = PBXProject;
			attributes = {
				LastSwiftUpdateCheck = 0820;
				LastUpgradeCheck = 0820;
				ORGANIZATIONNAME = Woodyhang;
				TargetAttributes = {
					8F7B90F11E64230E001CD3D8 = {
						CreatedOnToolsVersion = 8.2.1;
						DevelopmentTeam = 5C6REE77R8;
						ProvisioningStyle = Automatic;
					};
					8F7B91051E64230F001CD3D8 = {
						CreatedOnToolsVersion = 8.2.1;
						ProvisioningStyle = Automatic;
						TestTargetID = 8F7B90F11E64230E001CD3D8;
					};
					8F7B91101E64230F001CD3D8 = {
						CreatedOnToolsVersion = 8.2.1;
						ProvisioningStyle = Automatic;
						TestTargetID = 8F7B90F11E64230E001CD3D8;
					};
				};
			};
			buildConfigurationList = 8F7B90ED1E64230E001CD3D8 /* Build configuration list for PBXProject "DragCell" */;
			compatibilityVersion = "Xcode 3.2";
			developmentRegion = English;
			hasScannedForEncodings = 0;
			knownRegions = (
				en,
				Base,
			);
			mainGroup = 8F7B90E91E64230E001CD3D8;
			productRefGroup = 8F7B90F31E64230E001CD3D8 /* Products */;
			projectDirPath = "";
			projectRoot = "";
			targets = (
				8F7B90F11E64230E001CD3D8 /* DragCell */,
				8F7B91051E64230F001CD3D8 /* DragCellTests */,
				8F7B91101E64230F001CD3D8 /* DragCellUITests */,
			);
		};
/* End PBXProject section */

/* Begin PBXResourcesBuildPhase section */
		8F7B90F01E64230E001CD3D8 /* Resources */ = {
			isa = PBXResourcesBuildPhase;
			buildActionMask = 2147483647;
			files = (
				8FC390FC1E65501900CBE3C3 /* WHDragCell.xib in Resources */,
				8F7B912A1E642F31001CD3D8 /* Main.storyboard in Resources */,
				8F7B91001E64230E001CD3D8 /* LaunchScreen.storyboard in Resources */,
				8F7B90FD1E64230E001CD3D8 /* Assets.xcassets in Resources */,
			);
			runOnlyForDeploymentPostprocessing = 0;
		};
		8F7B91041E64230F001CD3D8 /* Resources */ = {
			isa = PBXResourcesBuildPhase;
			buildActionMask = 2147483647;
			files = (
			);
			runOnlyForDeploymentPostprocessing = 0;
		};
		8F7B910F1E64230F001CD3D8 /* Resources */ = {
			isa = PBXResourcesBuildPhase;
			buildActionMask = 2147483647;
			files = (
			);
			runOnlyForDeploymentPostprocessing = 0;
		};
/* End PBXResourcesBuildPhase section */

/* Begin PBXSourcesBuildPhase section */
		8F7B90EE1E64230E001CD3D8 /* Sources */ = {
			isa = PBXSourcesBuildPhase;
			buildActionMask = 2147483647;
			files = (
				8F7B90F81E64230E001CD3D8 /* ViewController.swift in Sources */,
				8F7B91251E64236E001CD3D8 /* WHDragTool.swift in Sources */,
				8FC390FB1E65501900CBE3C3 /* WHDragCell.swift in Sources */,
				8F7B90F61E64230E001CD3D8 /* AppDelegate.swift in Sources */,
				8F7B91281E6427FB001CD3D8 /* WHDragView.swift in Sources */,
				8F7B912C1E643030001CD3D8 /* WHUtil.swift in Sources */,
			);
			runOnlyForDeploymentPostprocessing = 0;
		};
		8F7B91021E64230F001CD3D8 /* Sources */ = {
			isa = PBXSourcesBuildPhase;
			buildActionMask = 2147483647;
			files = (
				8F7B910B1E64230F001CD3D8 /* DragCellTests.swift in Sources */,
			);
			runOnlyForDeploymentPostprocessing = 0;
		};
		8F7B910D1E64230F001CD3D8 /* Sources */ = {
			isa = PBXSourcesBuildPhase;
			buildActionMask = 2147483647;
			files = (
				8F7B91161E64230F001CD3D8 /* DragCellUITests.swift in Sources */,
			);
			runOnlyForDeploymentPostprocessing = 0;
		};
/* End PBXSourcesBuildPhase section */

/* Begin PBXTargetDependency section */
		8F7B91081E64230F001CD3D8 /* PBXTargetDependency */ = {
			isa = PBXTargetDependency;
			target = 8F7B90F11E64230E001CD3D8 /* DragCell */;
			targetProxy = 8F7B91071E64230F001CD3D8 /* PBXContainerItemProxy */;
		};
		8F7B91131E64230F001CD3D8 /* PBXTargetDependency */ = {
			isa = PBXTargetDependency;
			target = 8F7B90F11E64230E001CD3D8 /* DragCell */;
			targetProxy = 8F7B91121E64230F001CD3D8 /* PBXContainerItemProxy */;
		};
/* End PBXTargetDependency section */

/* Begin PBXVariantGroup section */
		8F7B90FE1E64230E001CD3D8 /* LaunchScreen.storyboard */ = {
			isa = PBXVariantGroup;
			children = (
				8F7B90FF1E64230E001CD3D8 /* Base */,
			);
			name = LaunchScreen.storyboard;
			sourceTree = "<group>";
		};
/* End PBXVariantGroup section */

/* Begin XCBuildConfiguration section */
		8F7B91181E64230F001CD3D8 /* Debug */ = {
			isa = XCBuildConfiguration;
			buildSettings = {
				ALWAYS_SEARCH_USER_PATHS = NO;
				CLANG_ANALYZER_NONNULL = YES;
				CLANG_CXX_LANGUAGE_STANDARD = "gnu++0x";
				CLANG_CXX_LIBRARY = "libc++";
				CLANG_ENABLE_MODULES = YES;
				CLANG_ENABLE_OBJC_ARC = YES;
				CLANG_WARN_BOOL_CONVERSION = YES;
				CLANG_WARN_CONSTANT_CONVERSION = YES;
				CLANG_WARN_DIRECT_OBJC_ISA_USAGE = YES_ERROR;
				CLANG_WARN_DOCUMENTATION_COMMENTS = YES;
				CLANG_WARN_EMPTY_BODY = YES;
				CLANG_WARN_ENUM_CONVERSION = YES;
				CLANG_WARN_INFINITE_RECURSION = YES;
				CLANG_WARN_INT_CONVERSION = YES;
				CLANG_WARN_OBJC_ROOT_CLASS = YES_ERROR;
				CLANG_WARN_SUSPICIOUS_MOVE = YES;
				CLANG_WARN_UNREACHABLE_CODE = YES;
				CLANG_WARN__DUPLICATE_METHOD_MATCH = YES;
				"CODE_SIGN_IDENTITY[sdk=iphoneos*]" = "iPhone Developer";
				COPY_PHASE_STRIP = NO;
				DEBUG_INFORMATION_FORMAT = dwarf;
				ENABLE_STRICT_OBJC_MSGSEND = YES;
				ENABLE_TESTABILITY = YES;
				GCC_C_LANGUAGE_STANDARD = gnu99;
				GCC_DYNAMIC_NO_PIC = NO;
				GCC_NO_COMMON_BLOCKS = YES;
				GCC_OPTIMIZATION_LEVEL = 0;
				GCC_PREPROCESSOR_DEFINITIONS = (
					"DEBUG=1",
					"$(inherited)",
				);
				GCC_WARN_64_TO_32_BIT_CONVERSION = YES;
				GCC_WARN_ABOUT_RETURN_TYPE = YES_ERROR;
				GCC_WARN_UNDECLARED_SELECTOR = YES;
				GCC_WARN_UNINITIALIZED_AUTOS = YES_AGGRESSIVE;
				GCC_WARN_UNUSED_FUNCTION = YES;
				GCC_WARN_UNUSED_VARIABLE = YES;
				IPHONEOS_DEPLOYMENT_TARGET = 10.2;
				MTL_ENABLE_DEBUG_INFO = YES;
				ONLY_ACTIVE_ARCH = YES;
				SDKROOT = iphoneos;
				SWIFT_ACTIVE_COMPILATION_CONDITIONS = DEBUG;
				SWIFT_OPTIMIZATION_LEVEL = "-Onone";
				TARGETED_DEVICE_FAMILY = "1,2";
			};
			name = Debug;
		};
		8F7B91191E64230F001CD3D8 /* Release */ = {
			isa = XCBuildConfiguration;
			buildSettings = {
				ALWAYS_SEARCH_USER_PATHS = NO;
				CLANG_ANALYZER_NONNULL = YES;
				CLANG_CXX_LANGUAGE_STANDARD = "gnu++0x";
				CLANG_CXX_LIBRARY = "libc++";
				CLANG_ENABLE_MODULES = YES;
				CLANG_ENABLE_OBJC_ARC = YES;
				CLANG_WARN_BOOL_CONVERSION = YES;
				CLANG_WARN_CONSTANT_CONVERSION = YES;
				CLANG_WARN_DIRECT_OBJC_ISA_USAGE = YES_ERROR;
				CLANG_WARN_DOCUMENTATION_COMMENTS = YES;
				CLANG_WARN_EMPTY_BODY = YES;
				CLANG_WARN_ENUM_CONVERSION = YES;
				CLANG_WARN_INFINITE_RECURSION = YES;
				CLANG_WARN_INT_CONVERSION = YES;
				CLANG_WARN_OBJC_ROOT_CLASS = YES_ERROR;
				CLANG_WARN_SUSPICIOUS_MOVE = YES;
				CLANG_WARN_UNREACHABLE_CODE = YES;
				CLANG_WARN__DUPLICATE_METHOD_MATCH = YES;
				"CODE_SIGN_IDENTITY[sdk=iphoneos*]" = "iPhone Developer";
				COPY_PHASE_STRIP = NO;
				DEBUG_INFORMATION_FORMAT = "dwarf-with-dsym";
				ENABLE_NS_ASSERTIONS = NO;
				ENABLE_STRICT_OBJC_MSGSEND = YES;
				GCC_C_LANGUAGE_STANDARD = gnu99;
				GCC_NO_COMMON_BLOCKS = YES;
				GCC_WARN_64_TO_32_BIT_CONVERSION = YES;
				GCC_WARN_ABOUT_RETURN_TYPE = YES_ERROR;
				GCC_WARN_UNDECLARED_SELECTOR = YES;
				GCC_WARN_UNINITIALIZED_AUTOS = YES_AGGRESSIVE;
				GCC_WARN_UNUSED_FUNCTION = YES;
				GCC_WARN_UNUSED_VARIABLE = YES;
				IPHONEOS_DEPLOYMENT_TARGET = 10.2;
				MTL_ENABLE_DEBUG_INFO = NO;
				SDKROOT = iphoneos;
				SWIFT_OPTIMIZATION_LEVEL = "-Owholemodule";
				TARGETED_DEVICE_FAMILY = "1,2";
				VALIDATE_PRODUCT = YES;
			};
			name = Release;
		};
		8F7B911B1E64230F001CD3D8 /* Debug */ = {
			isa = XCBuildConfiguration;
			buildSettings = {
				ASSETCATALOG_COMPILER_APPICON_NAME = AppIcon;
				DEVELOPMENT_TEAM = 5C6REE77R8;
				INFOPLIST_FILE = DragCell/Info.plist;
				LD_RUNPATH_SEARCH_PATHS = "$(inherited) @executable_path/Frameworks";
				PRODUCT_BUNDLE_IDENTIFIER = com.Woodyhang.DragCell;
				PRODUCT_NAME = "$(TARGET_NAME)";
				SWIFT_VERSION = 3.0;
			};
			name = Debug;
		};
		8F7B911C1E64230F001CD3D8 /* Release */ = {
			isa = XCBuildConfiguration;
			buildSettings = {
				ASSETCATALOG_COMPILER_APPICON_NAME = AppIcon;
				DEVELOPMENT_TEAM = 5C6REE77R8;
				INFOPLIST_FILE = DragCell/Info.plist;
				LD_RUNPATH_SEARCH_PATHS = "$(inherited) @executable_path/Frameworks";
				PRODUCT_BUNDLE_IDENTIFIER = com.Woodyhang.DragCell;
				PRODUCT_NAME = "$(TARGET_NAME)";
				SWIFT_VERSION = 3.0;
			};
			name = Release;
		};
		8F7B911E1E64230F001CD3D8 /* Debug */ = {
			isa = XCBuildConfiguration;
			buildSettings = {
				ALWAYS_EMBED_SWIFT_STANDARD_LIBRARIES = YES;
				BUNDLE_LOADER = "$(TEST_HOST)";
				INFOPLIST_FILE = DragCellTests/Info.plist;
				LD_RUNPATH_SEARCH_PATHS = "$(inherited) @executable_path/Frameworks @loader_path/Frameworks";
				PRODUCT_BUNDLE_IDENTIFIER = com.Woodyhang.DragCellTests;
				PRODUCT_NAME = "$(TARGET_NAME)";
				SWIFT_VERSION = 3.0;
				TEST_HOST = "$(BUILT_PRODUCTS_DIR)/DragCell.app/DragCell";
			};
			name = Debug;
		};
		8F7B911F1E64230F001CD3D8 /* Release */ = {
			isa = XCBuildConfiguration;
			buildSettings = {
				ALWAYS_EMBED_SWIFT_STANDARD_LIBRARIES = YES;
				BUNDLE_LOADER = "$(TEST_HOST)";
				INFOPLIST_FILE = DragCellTests/Info.plist;
				LD_RUNPATH_SEARCH_PATHS = "$(inherited) @executable_path/Frameworks @loader_path/Frameworks";
				PRODUCT_BUNDLE_IDENTIFIER = com.Woodyhang.DragCellTests;
				PRODUCT_NAME = "$(TARGET_NAME)";
				SWIFT_VERSION = 3.0;
				TEST_HOST = "$(BUILT_PRODUCTS_DIR)/DragCell.app/DragCell";
			};
			name = Release;
		};
		8F7B91211E64230F001CD3D8 /* Debug */ = {
			isa = XCBuildConfiguration;
			buildSettings = {
				ALWAYS_EMBED_SWIFT_STANDARD_LIBRARIES = YES;
				INFOPLIST_FILE = DragCellUITests/Info.plist;
				LD_RUNPATH_SEARCH_PATHS = "$(inherited) @executable_path/Frameworks @loader_path/Frameworks";
				PRODUCT_BUNDLE_IDENTIFIER = com.Woodyhang.DragCellUITests;
				PRODUCT_NAME = "$(TARGET_NAME)";
				SWIFT_VERSION = 3.0;
				TEST_TARGET_NAME = DragCell;
			};
			name = Debug;
		};
		8F7B91221E64230F001CD3D8 /* Release */ = {
			isa = XCBuildConfiguration;
			buildSettings = {
				ALWAYS_EMBED_SWIFT_STANDARD_LIBRARIES = YES;
				INFOPLIST_FILE = DragCellUITests/Info.plist;
				LD_RUNPATH_SEARCH_PATHS = "$(inherited) @executable_path/Frameworks @loader_path/Frameworks";
				PRODUCT_BUNDLE_IDENTIFIER = com.Woodyhang.DragCellUITests;
				PRODUCT_NAME = "$(TARGET_NAME)";
				SWIFT_VERSION = 3.0;
				TEST_TARGET_NAME = DragCell;
			};
			name = Release;
		};
/* End XCBuildConfiguration section */

/* Begin XCConfigurationList section */
		8F7B90ED1E64230E001CD3D8 /* Build configuration list for PBXProject "DragCell" */ = {
			isa = XCConfigurationList;
			buildConfigurations = (
				8F7B91181E64230F001CD3D8 /* Debug */,
				8F7B91191E64230F001CD3D8 /* Release */,
			);
			defaultConfigurationIsVisible = 0;
			defaultConfigurationName = Release;
		};
		8F7B911A1E64230F001CD3D8 /* Build configuration list for PBXNativeTarget "DragCell" */ = {
			isa = XCConfigurationList;
			buildConfigurations = (
				8F7B911B1E64230F001CD3D8 /* Debug */,
				8F7B911C1E64230F001CD3D8 /* Release */,
			);
			defaultConfigurationIsVisible = 0;
			defaultConfigurationName = Release;
		};
		8F7B911D1E64230F001CD3D8 /* Build configuration list for PBXNativeTarget "DragCellTests" */ = {
			isa = XCConfigurationList;
			buildConfigurations = (
				8F7B911E1E64230F001CD3D8 /* Debug */,
				8F7B911F1E64230F001CD3D8 /* Release */,
			);
			defaultConfigurationIsVisible = 0;
			defaultConfigurationName = Release;
		};
		8F7B91201E64230F001CD3D8 /* Build configuration list for PBXNativeTarget "DragCellUITests" */ = {
			isa = XCConfigurationList;
			buildConfigurations = (
				8F7B91211E64230F001CD3D8 /* Debug */,
				8F7B91221E64230F001CD3D8 /* Release */,
			);
			defaultConfigurationIsVisible = 0;
			defaultConfigurationName = Release;
		};
/* End XCConfigurationList section */
	};
	rootObject = 8F7B90EA1E64230E001CD3D8 /* Project object */;
}
